
Microsoft Visual Studio Solution File, Format Version 12.00
# Visual Studio Version 17
VisualStudioVersion = 17.10.34916.146
MinimumVisualStudioVersion = 10.0.40219.1
Project("{FAE04EC0-301F-11D3-BF4B-00C04F79EFBC}") = "ExamenFinal", "ExamenFinal\ExamenFinal.csproj", "{90B799B2-C706-48AF-967D-62A83E0A6731}"
EndProject
Project("{FAE04EC0-301F-11D3-BF4B-00C04F79EFBC}") = "Entities", "Entities\Entities.csproj", "{A9E5B869-9DE5-40BB-8D67-362AB8C88FF5}"
EndProject
Project("{FAE04EC0-301F-11D3-BF4B-00C04F79EFBC}") = "Service", "Service\Service.csproj", "{7184B310-3167-454D-86E1-D4E2694A183C}"
EndProject
Global
	GlobalSection(SolutionConfigurationPlatforms) = preSolution
		Debug|Any CPU = Debug|Any CPU
		Release|Any CPU = Release|Any CPU
	EndGlobalSection
	GlobalSection(ProjectConfigurationPlatforms) = postSolution
		{90B799B2-C706-48AF-967D-62A83E0A6731}.Debug|Any CPU.ActiveCfg = Debug|Any CPU
		{90B799B2-C706-48AF-967D-62A83E0A6731}.Debug|Any CPU.Build.0 = Debug|Any CPU
		{90B799B2-C706-48AF-967D-62A83E0A6731}.Release|Any CPU.ActiveCfg = Release|Any CPU
		{90B799B2-C706-48AF-967D-62A83E0A6731}.Release|Any CPU.Build.0 = Release|Any CPU
		{A9E5B869-9DE5-40BB-8D67-362AB8C88FF5}.Debug|Any CPU.ActiveCfg = Debug|Any CPU
		{A9E5B869-9DE5-40BB-8D67-362AB8C88FF5}.Debug|Any CPU.Build.0 = Debug|Any CPU
		{A9E5B869-9DE5-40BB-8D67-362AB8C88FF5}.Release|Any CPU.ActiveCfg = Release|Any CPU
		{A9E5B869-9DE5-40BB-8D67-362AB8C88FF5}.Release|Any CPU.Build.0 = Release|Any CPU
		{7184B310-3167-454D-86E1-D4E2694A183C}.Debug|Any CPU.ActiveCfg = Debug|Any CPU
		{7184B310-3167-454D-86E1-D4E2694A183C}.Debug|Any CPU.Build.0 = Debug|Any CPU
		{7184B310-3167-454D-86E1-D4E2694A183C}.Release|Any CPU.ActiveCfg = Release|Any CPU
		{7184B310-3167-454D-86E1-D4E2694A183C}.Release|Any CPU.Build.0 = Release|Any CPU
	EndGlobalSection
	GlobalSection(SolutionProperties) = preSolution
		HideSolutionNode = FALSE
	EndGlobalSection
	GlobalSection(ExtensibilityGlobals) = postSolution
		SolutionGuid = {5C83F964-A0E8-4C69-98CA-9787937CBBDB}
	EndGlobalSection
EndGlobal
